<Solution>
  <Folder Name="/.github/">
    <File Path=".github/dependabot.yml" />
  </Folder>
  <Folder Name="/.github/workflows/">
    <File Path=".github/workflows/release-evidence.yml" />
    <File Path=".github/workflows/security.yml" />
    <File Path=".github/workflows/validate.yml" />
  </Folder>
  <Folder Name="/Solution Items/">
    <File Path=".editorconfig" />
    <File Path=".gitattributes" />
    <File Path=".gitignore" />
    <File Path=".gma/release-evidence.json" />
    <File Path=".gma/repository-security.json" />
    <File Path=".gma/security-exceptions.json" />
    <File Path="Directory.Build.props" />
    <File Path="Directory.Packages.props" />
    <File Path="Gma.SourceRoots.props.example" />
    <File Path="LICENSE" />
    <File Path="README.md" />
    <File Path="SECURITY.md" />
    <File Path="SUPPORT.md" />
    <File Path="global.json" />
    <File Path="nuget.config" />
  </Folder>
  <Folder Name="/docs/">
    <File Path="docs/README.md" />
    <File Path="docs/tenancy-contract-verification-task.md" />
  </Folder>
  <Folder Name="/eng/">
    <File Path="eng/bootstrap-source-roots.ps1" />
    <File Path="eng/check-boundaries.ps1" />
    <File Path="eng/check-repository-release.ps1" />
    <File Path="eng/check-repository-security.ps1" />
  </Folder>
  <Folder Name="/src/Api/">
    <Project Path="src/Gma.Modules.Tenancy.Api/Gma.Modules.Tenancy.Api.csproj" />
  </Folder>
  <Folder Name="/src/Contracts/">
    <Project Path="src/Gma.Modules.Tenancy.Contracts/Gma.Modules.Tenancy.Contracts.csproj" />
  </Folder>
  <Folder Name="/tests/">
    <Project Path="tests/Gma.Modules.Tenancy.Tests/Gma.Modules.Tenancy.Tests.csproj" />
  </Folder>
</Solution>
